
Microsoft Visual Studio Solution File, Format Version 12.00
# Visual Studio Version 17
VisualStudioVersion = 17.14.36212.18
MinimumVisualStudioVersion = 10.0.40219.1
Project("{2150E333-8FDC-42A3-9474-1A3956D46DE8}") = "Services", "Services", "{02EA681E-C7D8-13C7-8484-4AC65E1B71E8}"
EndProject
Project("{2150E333-8FDC-42A3-9474-1A3956D46DE8}") = "Catalog", "Catalog", "{AB9585DE-0EBF-4CB3-93F8-696CDD960B0F}"
EndProject
Project("{FAE04EC0-301F-11D3-BF4B-00C04F79EFBC}") = "Catalog.API", "Services\Catalog\Catalog.API\Catalog.API.csproj", "{5DC4526D-B846-4899-85B8-58446B33FD50}"
EndProject
Project("{2150E333-8FDC-42A3-9474-1A3956D46DE8}") = "BuildingBlocks", "BuildingBlocks", "{B64462EE-F7EA-4C18-ABBA-6627D77EAD70}"
EndProject
Project("{FAE04EC0-301F-11D3-BF4B-00C04F79EFBC}") = "BuildingBlocks", "BuildingBlocks\BuildingBlocks\BuildingBlocks.csproj", "{E449E29A-139F-4CB5-A409-D64EF75EDC19}"
EndProject
Project("{E53339B2-1760-4266-BCC7-CA923CBCF16C}") = "docker-compose", "docker-compose.dcproj", "{81DDED9D-158B-E303-5F62-77A2896D2A5A}"
EndProject
Project("{2150E333-8FDC-42A3-9474-1A3956D46DE8}") = "Basket", "Basket", "{AB7FF5C8-EB7B-49A1-B930-6126459B10E3}"
EndProject
Project("{FAE04EC0-301F-11D3-BF4B-00C04F79EFBC}") = "Basket.API", "Services\Basket\Basket.API\Basket.API.csproj", "{B7DA0F9B-4BD6-40E2-AB67-52C7BB60E8BC}"
EndProject
Project("{2150E333-8FDC-42A3-9474-1A3956D46DE8}") = "Discount", "Discount", "{44330FEF-9D3D-4936-92CF-97383FEBBDEE}"
EndProject
Project("{FAE04EC0-301F-11D3-BF4B-00C04F79EFBC}") = "Discount.Grpc", "Services\Discount\Discount.Grpc\Discount.Grpc.csproj", "{BF182762-E4BC-46F3-AD5C-42927A85717D}"
EndProject
Project("{2150E333-8FDC-42A3-9474-1A3956D46DE8}") = "Ordering", "Ordering", "{587CDC70-F965-497A-905A-7B251EC7E2C7}"
EndProject
Project("{FAE04EC0-301F-11D3-BF4B-00C04F79EFBC}") = "Ordering.API", "Services\Ordering\Ordering.API\Ordering.API.csproj", "{43D49694-B816-4C74-9555-535374EE0336}"
EndProject
Project("{FAE04EC0-301F-11D3-BF4B-00C04F79EFBC}") = "Ordering.Domain", "Services\Ordering\Ordering.Domain\Ordering.Domain.csproj", "{764B3C89-DD8C-4D45-A50C-3F8365CFE2DC}"
EndProject
Project("{FAE04EC0-301F-11D3-BF4B-00C04F79EFBC}") = "Ordering.Application", "Services\Ordering\Ordering.Application\Ordering.Application.csproj", "{857EAF1D-99AC-4033-8A94-BDCACA30F70F}"
EndProject
Project("{FAE04EC0-301F-11D3-BF4B-00C04F79EFBC}") = "Ordering.Infrastructure", "Services\Ordering\Ordering.Infrastructure\Ordering.Infrastructure.csproj", "{B02B0E9D-2455-4552-B5BB-46DEB65E5C27}"
EndProject
Project("{FAE04EC0-301F-11D3-BF4B-00C04F79EFBC}") = "BuildingBlocks.Messaging", "BuildingBlocks\BuildingBlocks.Messaging\BuildingBlocks.Messaging.csproj", "{2730708C-1C60-4741-909C-40FC028CC555}"
EndProject
Global
	GlobalSection(SolutionConfigurationPlatforms) = preSolution
		Debug|Any CPU = Debug|Any CPU
		Release|Any CPU = Release|Any CPU
	EndGlobalSection
	GlobalSection(ProjectConfigurationPlatforms) = postSolution
		{5DC4526D-B846-4899-85B8-58446B33FD50}.Debug|Any CPU.ActiveCfg = Debug|Any CPU
		{5DC4526D-B846-4899-85B8-58446B33FD50}.Debug|Any CPU.Build.0 = Debug|Any CPU
		{5DC4526D-B846-4899-85B8-58446B33FD50}.Release|Any CPU.ActiveCfg = Release|Any CPU
		{5DC4526D-B846-4899-85B8-58446B33FD50}.Release|Any CPU.Build.0 = Release|Any CPU
		{E449E29A-139F-4CB5-A409-D64EF75EDC19}.Debug|Any CPU.ActiveCfg = Debug|Any CPU
		{E449E29A-139F-4CB5-A409-D64EF75EDC19}.Debug|Any CPU.Build.0 = Debug|Any CPU
		{E449E29A-139F-4CB5-A409-D64EF75EDC19}.Release|Any CPU.ActiveCfg = Release|Any CPU
		{E449E29A-139F-4CB5-A409-D64EF75EDC19}.Release|Any CPU.Build.0 = Release|Any CPU
		{81DDED9D-158B-E303-5F62-77A2896D2A5A}.Debug|Any CPU.ActiveCfg = Debug|Any CPU
		{81DDED9D-158B-E303-5F62-77A2896D2A5A}.Debug|Any CPU.Build.0 = Debug|Any CPU
		{81DDED9D-158B-E303-5F62-77A2896D2A5A}.Release|Any CPU.ActiveCfg = Release|Any CPU
		{81DDED9D-158B-E303-5F62-77A2896D2A5A}.Release|Any CPU.Build.0 = Release|Any CPU
		{B7DA0F9B-4BD6-40E2-AB67-52C7BB60E8BC}.Debug|Any CPU.ActiveCfg = Debug|Any CPU
		{B7DA0F9B-4BD6-40E2-AB67-52C7BB60E8BC}.Debug|Any CPU.Build.0 = Debug|Any CPU
		{B7DA0F9B-4BD6-40E2-AB67-52C7BB60E8BC}.Release|Any CPU.ActiveCfg = Release|Any CPU
		{B7DA0F9B-4BD6-40E2-AB67-52C7BB60E8BC}.Release|Any CPU.Build.0 = Release|Any CPU
		{BF182762-E4BC-46F3-AD5C-42927A85717D}.Debug|Any CPU.ActiveCfg = Debug|Any CPU
		{BF182762-E4BC-46F3-AD5C-42927A85717D}.Debug|Any CPU.Build.0 = Debug|Any CPU
		{BF182762-E4BC-46F3-AD5C-42927A85717D}.Release|Any CPU.ActiveCfg = Release|Any CPU
		{BF182762-E4BC-46F3-AD5C-42927A85717D}.Release|Any CPU.Build.0 = Release|Any CPU
		{43D49694-B816-4C74-9555-535374EE0336}.Debug|Any CPU.ActiveCfg = Debug|Any CPU
		{43D49694-B816-4C74-9555-535374EE0336}.Debug|Any CPU.Build.0 = Debug|Any CPU
		{43D49694-B816-4C74-9555-535374EE0336}.Release|Any CPU.ActiveCfg = Release|Any CPU
		{43D49694-B816-4C74-9555-535374EE0336}.Release|Any CPU.Build.0 = Release|Any CPU
		{764B3C89-DD8C-4D45-A50C-3F8365CFE2DC}.Debug|Any CPU.ActiveCfg = Debug|Any CPU
		{764B3C89-DD8C-4D45-A50C-3F8365CFE2DC}.Debug|Any CPU.Build.0 = Debug|Any CPU
		{764B3C89-DD8C-4D45-A50C-3F8365CFE2DC}.Release|Any CPU.ActiveCfg = Release|Any CPU
		{764B3C89-DD8C-4D45-A50C-3F8365CFE2DC}.Release|Any CPU.Build.0 = Release|Any CPU
		{857EAF1D-99AC-4033-8A94-BDCACA30F70F}.Debug|Any CPU.ActiveCfg = Debug|Any CPU
		{857EAF1D-99AC-4033-8A94-BDCACA30F70F}.Debug|Any CPU.Build.0 = Debug|Any CPU
		{857EAF1D-99AC-4033-8A94-BDCACA30F70F}.Release|Any CPU.ActiveCfg = Release|Any CPU
		{857EAF1D-99AC-4033-8A94-BDCACA30F70F}.Release|Any CPU.Build.0 = Release|Any CPU
		{B02B0E9D-2455-4552-B5BB-46DEB65E5C27}.Debug|Any CPU.ActiveCfg = Debug|Any CPU
		{B02B0E9D-2455-4552-B5BB-46DEB65E5C27}.Debug|Any CPU.Build.0 = Debug|Any CPU
		{B02B0E9D-2455-4552-B5BB-46DEB65E5C27}.Release|Any CPU.ActiveCfg = Release|Any CPU
		{B02B0E9D-2455-4552-B5BB-46DEB65E5C27}.Release|Any CPU.Build.0 = Release|Any CPU
		{2730708C-1C60-4741-909C-40FC028CC555}.Debug|Any CPU.ActiveCfg = Debug|Any CPU
		{2730708C-1C60-4741-909C-40FC028CC555}.Debug|Any CPU.Build.0 = Debug|Any CPU
		{2730708C-1C60-4741-909C-40FC028CC555}.Release|Any CPU.ActiveCfg = Release|Any CPU
		{2730708C-1C60-4741-909C-40FC028CC555}.Release|Any CPU.Build.0 = Release|Any CPU
	EndGlobalSection
	GlobalSection(SolutionProperties) = preSolution
		HideSolutionNode = FALSE
	EndGlobalSection
	GlobalSection(NestedProjects) = preSolution
		{AB9585DE-0EBF-4CB3-93F8-696CDD960B0F} = {02EA681E-C7D8-13C7-8484-4AC65E1B71E8}
		{5DC4526D-B846-4899-85B8-58446B33FD50} = {AB9585DE-0EBF-4CB3-93F8-696CDD960B0F}
		{E449E29A-139F-4CB5-A409-D64EF75EDC19} = {B64462EE-F7EA-4C18-ABBA-6627D77EAD70}
		{AB7FF5C8-EB7B-49A1-B930-6126459B10E3} = {02EA681E-C7D8-13C7-8484-4AC65E1B71E8}
		{B7DA0F9B-4BD6-40E2-AB67-52C7BB60E8BC} = {AB7FF5C8-EB7B-49A1-B930-6126459B10E3}
		{44330FEF-9D3D-4936-92CF-97383FEBBDEE} = {02EA681E-C7D8-13C7-8484-4AC65E1B71E8}
		{BF182762-E4BC-46F3-AD5C-42927A85717D} = {44330FEF-9D3D-4936-92CF-97383FEBBDEE}
		{587CDC70-F965-497A-905A-7B251EC7E2C7} = {02EA681E-C7D8-13C7-8484-4AC65E1B71E8}
		{43D49694-B816-4C74-9555-535374EE0336} = {587CDC70-F965-497A-905A-7B251EC7E2C7}
		{764B3C89-DD8C-4D45-A50C-3F8365CFE2DC} = {587CDC70-F965-497A-905A-7B251EC7E2C7}
		{857EAF1D-99AC-4033-8A94-BDCACA30F70F} = {587CDC70-F965-497A-905A-7B251EC7E2C7}
		{B02B0E9D-2455-4552-B5BB-46DEB65E5C27} = {587CDC70-F965-497A-905A-7B251EC7E2C7}
		{2730708C-1C60-4741-909C-40FC028CC555} = {B64462EE-F7EA-4C18-ABBA-6627D77EAD70}
	EndGlobalSection
	GlobalSection(ExtensibilityGlobals) = postSolution
		SolutionGuid = {82154C29-9B93-42F7-8442-AA16F1354C67}
	EndGlobalSection
EndGlobal
